{
  "originHash" : "b30c417f4ae33223bc87239d44d74fc409ce5aecd57e872d9d7b40789e52ce50",
  "pins" : [
    {
      "identity" : "klightmapper",
      "kind" : "remoteSourceControl",
      "location" : "https://github.com/KulpLights/KLightMapper",
      "state" : {
        "revision" : "928771086473347ef981635fe614c1857da35f76",
        "version" : "1.4.1"
      }
    }
  ],
  "version" : 3
}
