{
  "originHash" : "b30c417f4ae33223bc87239d44d74fc409ce5aecd57e872d9d7b40789e52ce50",
  "pins" : [
    {
      "identity" : "klightmapper",
      "kind" : "remoteSourceControl",
      "location" : "https://github.com/KulpLights/KLightMapper",
      "state" : {
        "revision" : "873218d27121ac630685cb96c3b73c9a41e06cf1",
        "version" : "1.3.0"
      }
    }
  ],
  "version" : 3
}
